PODS:
  - VIMediaCache (0.3)
  - WJConfig (2.0):
    - WJLoggingAPI (>= 2.0)
  - WJLoggingAPI (2.0)
  - WJPlayerKit (1.0):
    - WJLoggingAPI

DEPENDENCIES:
  - VIMediaCache
  - WJConfig (>= 2.0)
  - WJLoggingAPI
  - WJPlayerKit

SPEC REPOS:
  https://github.com/cocoapods/specs.git:
    - VIMediaCache
  https://github.com/yunhaiwu/ios-wj-framework-cocoapods-specs.git:
    - WJConfig
    - WJLoggingAPI
    - WJPlayerKit

SPEC CHECKSUMS:
  VIMediaCache: 02c03af2adf2526eddc8ee3b06e41f26e9546f38
  WJConfig: deda632fdec1562c21e62be1acace6346c0cceca
  WJLoggingAPI: 183581a351d51f93ec9900a3cc5f2df15b907de3
  WJPlayerKit: 660b9ee1d790dfe7e2a0d5965dcf882905b08b4a

PODFILE CHECKSUM: f049a926886a0c411a4609f2ed16d986a9d1629d

COCOAPODS: 1.5.3
